
Microsoft Visual Studio Solution File, Format Version 12.00
# Visual Studio Version 17
VisualStudioVersion = 17.3.32929.385
MinimumVisualStudioVersion = 10.0.40219.1
Project("{9A19103F-16F7-4668-BE54-9A1E7A4F7556}") = "1-OláMundo", "1-OláMundo\1-OláMundo.csproj", "{D335100A-4704-4716-B5B2-12B6BA073A26}"
EndProject
Project("{FAE04EC0-301F-11D3-BF4B-00C04F79EFBC}") = "2-CriandoVariaveisInteiro", "2-CriandoVariaveis\2-CriandoVariaveisInteiro.csproj", "{B57E77AF-1DA4-4998-971A-B2BDA0B62926}"
EndProject
Project("{FAE04EC0-301F-11D3-BF4B-00C04F79EFBC}") = "3-CriandoVariaveisPontoFlutuante", "3-CriandoVariaveisPontoFlutuante\3-CriandoVariaveisPontoFlutuante.csproj", "{87B2517A-7271-4C7F-B382-3B40F23C3BDB}"
EndProject
Project("{FAE04EC0-301F-11D3-BF4B-00C04F79EFBC}") = "4-ConversoesEOutrosTipos", "4-ConversoesEOutrosTipos\4-ConversoesEOutrosTipos.csproj", "{8355EBDE-460A-4A2E-B4AA-4054D0D6D73D}"
EndProject
Project("{FAE04EC0-301F-11D3-BF4B-00C04F79EFBC}") = "5-CaracteresETextos", "5-CaracteresETextos\5-CaracteresETextos.csproj", "{46636063-5A0C-423C-8872-8F9531A31D67}"
EndProject
Project("{FAE04EC0-301F-11D3-BF4B-00C04F79EFBC}") = "6-AtribuicoesDeVariaveis", "6-AtribuicoesDeVariaveis\6-AtribuicoesDeVariaveis.csproj", "{15F8BE1F-4CB0-4930-B21D-F77D59B66BC5}"
EndProject
Project("{FAE04EC0-301F-11D3-BF4B-00C04F79EFBC}") = "7-Condicionais", "7-Condicionais\7-Condicionais.csproj", "{7ED50A02-1197-42E2-9D41-7CDB39B8F14A}"
EndProject
Project("{FAE04EC0-301F-11D3-BF4B-00C04F79EFBC}") = "8-Condicionais2", "8-Condicionais2\8-Condicionais2.csproj", "{A7DACD2A-E0A5-4A79-A148-8D2FEA2A7A68}"
EndProject
Project("{FAE04EC0-301F-11D3-BF4B-00C04F79EFBC}") = "9-Escopo", "9-Escopo\9-Escopo.csproj", "{BD002133-7B10-43CF-BF6B-AEDE58112264}"
EndProject
Global
	GlobalSection(SolutionConfigurationPlatforms) = preSolution
		Debug|Any CPU = Debug|Any CPU
		Release|Any CPU = Release|Any CPU
	EndGlobalSection
	GlobalSection(ProjectConfigurationPlatforms) = postSolution
		{D335100A-4704-4716-B5B2-12B6BA073A26}.Debug|Any CPU.ActiveCfg = Debug|Any CPU
		{D335100A-4704-4716-B5B2-12B6BA073A26}.Debug|Any CPU.Build.0 = Debug|Any CPU
		{D335100A-4704-4716-B5B2-12B6BA073A26}.Release|Any CPU.ActiveCfg = Release|Any CPU
		{D335100A-4704-4716-B5B2-12B6BA073A26}.Release|Any CPU.Build.0 = Release|Any CPU
		{B57E77AF-1DA4-4998-971A-B2BDA0B62926}.Debug|Any CPU.ActiveCfg = Debug|Any CPU
		{B57E77AF-1DA4-4998-971A-B2BDA0B62926}.Debug|Any CPU.Build.0 = Debug|Any CPU
		{B57E77AF-1DA4-4998-971A-B2BDA0B62926}.Release|Any CPU.ActiveCfg = Release|Any CPU
		{B57E77AF-1DA4-4998-971A-B2BDA0B62926}.Release|Any CPU.Build.0 = Release|Any CPU
		{87B2517A-7271-4C7F-B382-3B40F23C3BDB}.Debug|Any CPU.ActiveCfg = Debug|Any CPU
		{87B2517A-7271-4C7F-B382-3B40F23C3BDB}.Debug|Any CPU.Build.0 = Debug|Any CPU
		{87B2517A-7271-4C7F-B382-3B40F23C3BDB}.Release|Any CPU.ActiveCfg = Release|Any CPU
		{87B2517A-7271-4C7F-B382-3B40F23C3BDB}.Release|Any CPU.Build.0 = Release|Any CPU
		{8355EBDE-460A-4A2E-B4AA-4054D0D6D73D}.Debug|Any CPU.ActiveCfg = Debug|Any CPU
		{8355EBDE-460A-4A2E-B4AA-4054D0D6D73D}.Debug|Any CPU.Build.0 = Debug|Any CPU
		{8355EBDE-460A-4A2E-B4AA-4054D0D6D73D}.Release|Any CPU.ActiveCfg = Release|Any CPU
		{8355EBDE-460A-4A2E-B4AA-4054D0D6D73D}.Release|Any CPU.Build.0 = Release|Any CPU
		{46636063-5A0C-423C-8872-8F9531A31D67}.Debug|Any CPU.ActiveCfg = Debug|Any CPU
		{46636063-5A0C-423C-8872-8F9531A31D67}.Debug|Any CPU.Build.0 = Debug|Any CPU
		{46636063-5A0C-423C-8872-8F9531A31D67}.Release|Any CPU.ActiveCfg = Release|Any CPU
		{46636063-5A0C-423C-8872-8F9531A31D67}.Release|Any CPU.Build.0 = Release|Any CPU
		{15F8BE1F-4CB0-4930-B21D-F77D59B66BC5}.Debug|Any CPU.ActiveCfg = Debug|Any CPU
		{15F8BE1F-4CB0-4930-B21D-F77D59B66BC5}.Debug|Any CPU.Build.0 = Debug|Any CPU
		{15F8BE1F-4CB0-4930-B21D-F77D59B66BC5}.Release|Any CPU.ActiveCfg = Release|Any CPU
		{15F8BE1F-4CB0-4930-B21D-F77D59B66BC5}.Release|Any CPU.Build.0 = Release|Any CPU
		{7ED50A02-1197-42E2-9D41-7CDB39B8F14A}.Debug|Any CPU.ActiveCfg = Debug|Any CPU
		{7ED50A02-1197-42E2-9D41-7CDB39B8F14A}.Debug|Any CPU.Build.0 = Debug|Any CPU
		{7ED50A02-1197-42E2-9D41-7CDB39B8F14A}.Release|Any CPU.ActiveCfg = Release|Any CPU
		{7ED50A02-1197-42E2-9D41-7CDB39B8F14A}.Release|Any CPU.Build.0 = Release|Any CPU
		{A7DACD2A-E0A5-4A79-A148-8D2FEA2A7A68}.Debug|Any CPU.ActiveCfg = Debug|Any CPU
		{A7DACD2A-E0A5-4A79-A148-8D2FEA2A7A68}.Debug|Any CPU.Build.0 = Debug|Any CPU
		{A7DACD2A-E0A5-4A79-A148-8D2FEA2A7A68}.Release|Any CPU.ActiveCfg = Release|Any CPU
		{A7DACD2A-E0A5-4A79-A148-8D2FEA2A7A68}.Release|Any CPU.Build.0 = Release|Any CPU
		{BD002133-7B10-43CF-BF6B-AEDE58112264}.Debug|Any CPU.ActiveCfg = Debug|Any CPU
		{BD002133-7B10-43CF-BF6B-AEDE58112264}.Debug|Any CPU.Build.0 = Debug|Any CPU
		{BD002133-7B10-43CF-BF6B-AEDE58112264}.Release|Any CPU.ActiveCfg = Release|Any CPU
		{BD002133-7B10-43CF-BF6B-AEDE58112264}.Release|Any CPU.Build.0 = Release|Any CPU
	EndGlobalSection
	GlobalSection(SolutionProperties) = preSolution
		HideSolutionNode = FALSE
	EndGlobalSection
	GlobalSection(ExtensibilityGlobals) = postSolution
		SolutionGuid = {B2B1865B-3A61-4C79-AC21-4EEA85DCDB7B}
	EndGlobalSection
EndGlobal
