
Microsoft Visual Studio Solution File, Format Version 12.00
# Visual Studio Version 17
VisualStudioVersion = 17.3.32929.385
MinimumVisualStudioVersion = 10.0.40219.1
Project("{9A19103F-16F7-4668-BE54-9A1E7A4F7556}") = "1-OláMundo", "1-OláMundo\1-OláMundo.csproj", "{D335100A-4704-4716-B5B2-12B6BA073A26}"
EndProject
Project("{FAE04EC0-301F-11D3-BF4B-00C04F79EFBC}") = "2-CriandoVariaveisInteiro", "2-CriandoVariaveis\2-CriandoVariaveisInteiro.csproj", "{B57E77AF-1DA4-4998-971A-B2BDA0B62926}"
EndProject
Project("{FAE04EC0-301F-11D3-BF4B-00C04F79EFBC}") = "3-CriandoVariaveisPontoFlutuante", "3-CriandoVariaveisPontoFlutuante\3-CriandoVariaveisPontoFlutuante.csproj", "{87B2517A-7271-4C7F-B382-3B40F23C3BDB}"
EndProject
Project("{FAE04EC0-301F-11D3-BF4B-00C04F79EFBC}") = "4-ConversoesEOutrosTipos", "4-ConversoesEOutrosTipos\4-ConversoesEOutrosTipos.csproj", "{8355EBDE-460A-4A2E-B4AA-4054D0D6D73D}"
EndProject
Global
	GlobalSection(SolutionConfigurationPlatforms) = preSolution
		Debug|Any CPU = Debug|Any CPU
		Release|Any CPU = Release|Any CPU
	EndGlobalSection
	GlobalSection(ProjectConfigurationPlatforms) = postSolution
		{D335100A-4704-4716-B5B2-12B6BA073A26}.Debug|Any CPU.ActiveCfg = Debug|Any CPU
		{D335100A-4704-4716-B5B2-12B6BA073A26}.Debug|Any CPU.Build.0 = Debug|Any CPU
		{D335100A-4704-4716-B5B2-12B6BA073A26}.Release|Any CPU.ActiveCfg = Release|Any CPU
		{D335100A-4704-4716-B5B2-12B6BA073A26}.Release|Any CPU.Build.0 = Release|Any CPU
		{B57E77AF-1DA4-4998-971A-B2BDA0B62926}.Debug|Any CPU.ActiveCfg = Debug|Any CPU
		{B57E77AF-1DA4-4998-971A-B2BDA0B62926}.Debug|Any CPU.Build.0 = Debug|Any CPU
		{B57E77AF-1DA4-4998-971A-B2BDA0B62926}.Release|Any CPU.ActiveCfg = Release|Any CPU
		{B57E77AF-1DA4-4998-971A-B2BDA0B62926}.Release|Any CPU.Build.0 = Release|Any CPU
		{87B2517A-7271-4C7F-B382-3B40F23C3BDB}.Debug|Any CPU.ActiveCfg = Debug|Any CPU
		{87B2517A-7271-4C7F-B382-3B40F23C3BDB}.Debug|Any CPU.Build.0 = Debug|Any CPU
		{87B2517A-7271-4C7F-B382-3B40F23C3BDB}.Release|Any CPU.ActiveCfg = Release|Any CPU
		{87B2517A-7271-4C7F-B382-3B40F23C3BDB}.Release|Any CPU.Build.0 = Release|Any CPU
		{8355EBDE-460A-4A2E-B4AA-4054D0D6D73D}.Debug|Any CPU.ActiveCfg = Debug|Any CPU
		{8355EBDE-460A-4A2E-B4AA-4054D0D6D73D}.Debug|Any CPU.Build.0 = Debug|Any CPU
		{8355EBDE-460A-4A2E-B4AA-4054D0D6D73D}.Release|Any CPU.ActiveCfg = Release|Any CPU
		{8355EBDE-460A-4A2E-B4AA-4054D0D6D73D}.Release|Any CPU.Build.0 = Release|Any CPU
	EndGlobalSection
	GlobalSection(SolutionProperties) = preSolution
		HideSolutionNode = FALSE
	EndGlobalSection
	GlobalSection(ExtensibilityGlobals) = postSolution
		SolutionGuid = {B2B1865B-3A61-4C79-AC21-4EEA85DCDB7B}
	EndGlobalSection
EndGlobal
